
Microsoft Visual Studio Solution File, Format Version 12.00
# Visual Studio Version 17
VisualStudioVersion = 17.7.34031.279
MinimumVisualStudioVersion = 10.0.40219.1
Project("{FAE04EC0-301F-11D3-BF4B-00C04F79EFBC}") = "bookingtaxi-backend", "bookingtaxi-backend.csproj", "{1AE2D5F7-9F15-4AC3-81DD-6D640CE39E51}"
EndProject
Project("{2150E333-8FDC-42A3-9474-1A3956D46DE8}") = "Solution Items", "Solution Items", "{74794B8E-B83A-4FD0-A37C-B0EA2CAA0CA4}"
	ProjectSection(SolutionItems) = preProject
		README.md = README.md
	EndProjectSection
EndProject
Global
	GlobalSection(SolutionConfigurationPlatforms) = preSolution
		Debug|Any CPU = Debug|Any CPU
		Release|Any CPU = Release|Any CPU
	EndGlobalSection
	GlobalSection(ProjectConfigurationPlatforms) = postSolution
		{1AE2D5F7-9F15-4AC3-81DD-6D640CE39E51}.Debug|Any CPU.ActiveCfg = Debug|Any CPU
		{1AE2D5F7-9F15-4AC3-81DD-6D640CE39E51}.Debug|Any CPU.Build.0 = Debug|Any CPU
		{1AE2D5F7-9F15-4AC3-81DD-6D640CE39E51}.Release|Any CPU.ActiveCfg = Release|Any CPU
		{1AE2D5F7-9F15-4AC3-81DD-6D640CE39E51}.Release|Any CPU.Build.0 = Release|Any CPU
	EndGlobalSection
	GlobalSection(SolutionProperties) = preSolution
		HideSolutionNode = FALSE
	EndGlobalSection
	GlobalSection(ExtensibilityGlobals) = postSolution
		SolutionGuid = {A0C45E00-9A51-40B7-9C33-DC63C376874F}
	EndGlobalSection
EndGlobal
